
Microsoft Visual Studio Solution File, Format Version 12.00
# Visual Studio Version 17
VisualStudioVersion = 17.14.36202.13
MinimumVisualStudioVersion = 10.0.40219.1
Project("{FAE04EC0-301F-11D3-BF4B-00C04F79EFBC}") = "RecipeBazaarAi.Domain", "src\RecipeBazaarAi.Domain\RecipeBazaarAi.Domain.csproj", "{D57555C0-9E1E-4E11-83B1-ABF918004B10}"
EndProject
Project("{FAE04EC0-301F-11D3-BF4B-00C04F79EFBC}") = "RecipeBazaarAi.Api", "src\RecipeBazaarAi.Api\RecipeBazaarAi.Api.csproj", "{D06C9888-ECB5-4EB2-9705-0307837C6FD6}"
EndProject
Project("{FAE04EC0-301F-11D3-BF4B-00C04F79EFBC}") = "RecipeBazaarAi.Infrastructure", "src\RecipeBazaarAi.Infrastructure\RecipeBazaarAi.Infrastructure.csproj", "{D3E3FBED-0FD2-4B0C-89E0-7389E3BD47A4}"
EndProject
Project("{2150E333-8FDC-42A3-9474-1A3956D46DE8}") = "Solution Items", "Solution Items", "{8EC462FD-D22E-90A8-E5CE-7E832BA40C5D}"
EndProject
Project("{E53339B2-1760-4266-BCC7-CA923CBCF16C}") = "docker-compose", "docker-compose.dcproj", "{81DDED9D-158B-E303-5F62-77A2896D2A5A}"
EndProject
Project("{FAE04EC0-301F-11D3-BF4B-00C04F79EFBC}") = "RecipeBazaarAi.WebApp", "src\RecipeBazaarAi.WebApp\RecipeBazaarAi.WebApp.csproj", "{0F404B6E-872E-40C1-8E8C-449860AC9D1A}"
EndProject
Global
	GlobalSection(SolutionConfigurationPlatforms) = preSolution
		Debug|Any CPU = Debug|Any CPU
		Release|Any CPU = Release|Any CPU
	EndGlobalSection
	GlobalSection(ProjectConfigurationPlatforms) = postSolution
		{D57555C0-9E1E-4E11-83B1-ABF918004B10}.Debug|Any CPU.ActiveCfg = Debug|Any CPU
		{D57555C0-9E1E-4E11-83B1-ABF918004B10}.Debug|Any CPU.Build.0 = Debug|Any CPU
		{D57555C0-9E1E-4E11-83B1-ABF918004B10}.Release|Any CPU.ActiveCfg = Release|Any CPU
		{D57555C0-9E1E-4E11-83B1-ABF918004B10}.Release|Any CPU.Build.0 = Release|Any CPU
		{D06C9888-ECB5-4EB2-9705-0307837C6FD6}.Debug|Any CPU.ActiveCfg = Debug|Any CPU
		{D06C9888-ECB5-4EB2-9705-0307837C6FD6}.Debug|Any CPU.Build.0 = Debug|Any CPU
		{D06C9888-ECB5-4EB2-9705-0307837C6FD6}.Release|Any CPU.ActiveCfg = Release|Any CPU
		{D06C9888-ECB5-4EB2-9705-0307837C6FD6}.Release|Any CPU.Build.0 = Release|Any CPU
		{D3E3FBED-0FD2-4B0C-89E0-7389E3BD47A4}.Debug|Any CPU.ActiveCfg = Debug|Any CPU
		{D3E3FBED-0FD2-4B0C-89E0-7389E3BD47A4}.Debug|Any CPU.Build.0 = Debug|Any CPU
		{D3E3FBED-0FD2-4B0C-89E0-7389E3BD47A4}.Release|Any CPU.ActiveCfg = Release|Any CPU
		{D3E3FBED-0FD2-4B0C-89E0-7389E3BD47A4}.Release|Any CPU.Build.0 = Release|Any CPU
		{81DDED9D-158B-E303-5F62-77A2896D2A5A}.Debug|Any CPU.ActiveCfg = Debug|Any CPU
		{81DDED9D-158B-E303-5F62-77A2896D2A5A}.Debug|Any CPU.Build.0 = Debug|Any CPU
		{81DDED9D-158B-E303-5F62-77A2896D2A5A}.Release|Any CPU.ActiveCfg = Release|Any CPU
		{81DDED9D-158B-E303-5F62-77A2896D2A5A}.Release|Any CPU.Build.0 = Release|Any CPU
		{0F404B6E-872E-40C1-8E8C-449860AC9D1A}.Debug|Any CPU.ActiveCfg = Debug|Any CPU
		{0F404B6E-872E-40C1-8E8C-449860AC9D1A}.Debug|Any CPU.Build.0 = Debug|Any CPU
		{0F404B6E-872E-40C1-8E8C-449860AC9D1A}.Release|Any CPU.ActiveCfg = Release|Any CPU
		{0F404B6E-872E-40C1-8E8C-449860AC9D1A}.Release|Any CPU.Build.0 = Release|Any CPU
	EndGlobalSection
	GlobalSection(SolutionProperties) = preSolution
		HideSolutionNode = FALSE
	EndGlobalSection
	GlobalSection(ExtensibilityGlobals) = postSolution
		SolutionGuid = {7579E0E5-7689-4F55-B297-6FFE308A43FD}
	EndGlobalSection
EndGlobal
